
Microsoft Visual Studio Solution File, Format Version 12.00
# Visual Studio Version 17
VisualStudioVersion = 17.3.32929.385
MinimumVisualStudioVersion = 10.0.40219.1
Project("{FAE04EC0-301F-11D3-BF4B-00C04F79EFBC}") = "FormUI", "FormUI\FormUI.csproj", "{4BACA5E6-A245-4580-968A-042FF10BEABE}"
EndProject
Global
	GlobalSection(SolutionConfigurationPlatforms) = preSolution
		Debug|Any CPU = Debug|Any CPU
		Release|Any CPU = Release|Any CPU
	EndGlobalSection
	GlobalSection(ProjectConfigurationPlatforms) = postSolution
		{4BACA5E6-A245-4580-968A-042FF10BEABE}.Debug|Any CPU.ActiveCfg = Debug|Any CPU
		{4BACA5E6-A245-4580-968A-042FF10BEABE}.Debug|Any CPU.Build.0 = Debug|Any CPU
		{4BACA5E6-A245-4580-968A-042FF10BEABE}.Release|Any CPU.ActiveCfg = Release|Any CPU
		{4BACA5E6-A245-4580-968A-042FF10BEABE}.Release|Any CPU.Build.0 = Release|Any CPU
	EndGlobalSection
	GlobalSection(SolutionProperties) = preSolution
		HideSolutionNode = FALSE
	EndGlobalSection
	GlobalSection(ExtensibilityGlobals) = postSolution
		SolutionGuid = {625FD1CF-B789-41F5-9616-985370E3105A}
	EndGlobalSection
EndGlobal
